// !$*UTF8*$!
{
	archiveVersion = 1;
	classes = {
	};
	objectVersion = 46;
	objects = {

/* Begin PBXBuildFile section */
		70BC52C61A5D2A52006551F8 /* AppDelegate.swift in Sources */ = {isa = PBXBuildFile; fileRef = 70BC52C51A5D2A52006551F8 /* AppDelegate.swift */; };
		70BC52C81A5D2A52006551F8 /* ViewController.swift in Sources */ = {isa = PBXBuildFile; fileRef = 70BC52C71A5D2A52006551F8 /* ViewController.swift */; };
		70BC52CB1A5D2A52006551F8 /* Main.storyboard in Resources */ = {isa = PBXBuildFile; fileRef = 70BC52C91A5D2A52006551F8 /* Main.storyboard */; };
		70BC52CD1A5D2A52006551F8 /* Images.xcassets in Resources */ = {isa = PBXBuildFile; fileRef = 70BC52CC1A5D2A52006551F8 /* Images.xcassets */; };
		70BC52D01A5D2A52006551F8 /* LaunchScreen.xib in Resources */ = {isa = PBXBuildFile; fileRef = 70BC52CE1A5D2A52006551F8 /* LaunchScreen.xib */; };
		70BC52DC1A5D2A52006551F8 /* HelloWorldTests.swift in Sources */ = {isa = PBXBuildFile; fileRef = 70BC52DB1A5D2A52006551F8 /* HelloWorldTests.swift */; };
/* End PBXBuildFile section */

/* Begin PBXContainerItemProxy section */
		70BC52D61A5D2A52006551F8 /* PBXContainerItemProxy */ = {
			isa = PBXContainerItemProxy;
			containerPortal = 70BC52B81A5D2A52006551F8 /* Project object */;
			proxyType = 1;
			remoteGlobalIDString = 70BC52BF1A5D2A52006551F8;
			remoteInfo = HelloWorld;
		};
/* End PBXContainerItemProxy section */

/* Begin PBXFileReference section */
		70BC52C01A5D2A52006551F8 /* HelloWorld.app */ = {isa = PBXFileReference; explicitFileType = wrapper.application; includeInIndex = 0; path = HelloWorld.app; sourceTree = BUILT_PRODUCTS_DIR; };
		70BC52C41A5D2A52006551F8 /* Info.plist */ = {isa = PBXFileReference; lastKnownFileType = text.plist.xml; path = Info.plist; sourceTree = "<group>"; };
		70BC52C51A5D2A52006551F8 /* AppDelegate.swift */ = {isa = PBXFileReference; lastKnownFileType = sourcecode.swift; path = AppDelegate.swift; sourceTree = "<group>"; };
		70BC52C71A5D2A52006551F8 /* ViewController.swift */ = {isa = PBXFileReference; lastKnownFileType = sourcecode.swift; path = ViewController.swift; sourceTree = "<group>"; };
		70BC52CA1A5D2A52006551F8 /* Base */ = {isa = PBXFileReference; lastKnownFileType = file.storyboard; name = Base; path = Base.lproj/Main.storyboard; sourceTree = "<group>"; };
		70BC52CC1A5D2A52006551F8 /* Images.xcassets */ = {isa = PBXFileReference; lastKnownFileType = folder.assetcatalog; path = Images.xcassets; sourceTree = "<group>"; };
		70BC52CF1A5D2A52006551F8 /* Base */ = {isa = PBXFileReference; lastKnownFileType = file.xib; name = Base; path = Base.lproj/LaunchScreen.xib; sourceTree = "<group>"; };
		70BC52D51A5D2A52006551F8 /* HelloWorldTests.xctest */ = {isa = PBXFileReference; explicitFileType = wrapper.cfbundle; includeInIndex = 0; path = HelloWorldTests.xctest; sourceTree = BUILT_PRODUCTS_DIR; };
		70BC52DA1A5D2A52006551F8 /* Info.plist */ = {isa = PBXFileReference; lastKnownFileType = text.plist.xml; path = Info.plist; sourceTree = "<group>"; };
		70BC52DB1A5D2A52006551F8 /* HelloWorldTests.swift */ = {isa = PBXFileReference; lastKnownFileType = sourcecode.swift; path = HelloWorldTests.swift; sourceTree = "<group>"; };
/* End PBXFileReference section */

/* Begin PBXFrameworksBuildPhase section */
		70BC52BD1A5D2A52006551F8 /* Frameworks */ = {
			isa = PBXFrameworksBuildPhase;
			buildActionMask = 2147483647;
			files = (
			);
			runOnlyForDeploymentPostprocessing = 0;
		};
		70BC52D21A5D2A52006551F8 /* Frameworks */ = {
			isa = PBXFrameworksBuildPhase;
			buildActionMask = 2147483647;
			files = (
			);
			runOnlyForDeploymentPostprocessing = 0;
		};
/* End PBXFrameworksBuildPhase section */

/* Begin PBXGroup section */
		70BC52B71A5D2A52006551F8 = {
			isa = PBXGroup;
			children = (
				70BC52C21A5D2A52006551F8 /* HelloWorld */,
				70BC52D81A5D2A52006551F8 /* HelloWorldTests */,
				70BC52C11A5D2A52006551F8 /* Products */,
			);
			sourceTree = "<group>";
		};
		70BC52C11A5D2A52006551F8 /* Products */ = {
			isa = PBXGroup;
			children = (
				70BC52C01A5D2A52006551F8 /* HelloWorld.app */,
				70BC52D51A5D2A52006551F8 /* HelloWorldTests.xctest */,
			);
			name = Products;
			sourceTree = "<group>";
		};
		70BC52C21A5D2A52006551F8 /* HelloWorld */ = {
			isa = PBXGroup;
			children = (
				70BC52C51A5D2A52006551F8 /* AppDelegate.swift */,
				70BC52C71A5D2A52006551F8 /* ViewController.swift */,
				70BC52C91A5D2A52006551F8 /* Main.storyboard */,
				70BC52CC1A5D2A52006551F8 /* Images.xcassets */,
				70BC52CE1A5D2A52006551F8 /* LaunchScreen.xib */,
				70BC52C31A5D2A52006551F8 /* Supporting Files */,
			);
			path = HelloWorld;
			sourceTree = "<group>";
		};
		70BC52C31A5D2A52006551F8 /* Supporting Files */ = {
			isa = PBXGroup;
			children = (
				70BC52C41A5D2A52006551F8 /* Info.plist */,
			);
			name = "Supporting Files";
			sourceTree = "<group>";
		};
		70BC52D81A5D2A52006551F8 /* HelloWorldTests */ = {
			isa = PBXGroup;
			children = (
				70BC52DB1A5D2A52006551F8 /* HelloWorldTests.swift */,
				70BC52D91A5D2A52006551F8 /* Supporting Files */,
			);
			path = HelloWorldTests;
			sourceTree = "<group>";
		};
		70BC52D91A5D2A52006551F8 /* Supporting Files */ = {
			isa = PBXGroup;
			children = (
				70BC52DA1A5D2A52006551F8 /* Info.plist */,
			);
			name = "Supporting Files";
			sourceTree = "<group>";
		};
/* End PBXGroup section */

/* Begin PBXNativeTarget section */
		70BC52BF1A5D2A52006551F8 /* HelloWorld */ = {
			isa = PBXNativeTarget;
			buildConfigurationList = 70BC52DF1A5D2A52006551F8 /* Build configuration list for PBXNativeTarget "HelloWorld" */;
			buildPhases = (
				70BC52BC1A5D2A52006551F8 /* Sources */,
				70BC52BD1A5D2A52006551F8 /* Frameworks */,
				70BC52BE1A5D2A52006551F8 /* Resources */,
			);
			buildRules = (
			);
			dependencies = (
			);
			name = HelloWorld;
			productName = HelloWorld;
			productReference = 70BC52C01A5D2A52006551F8 /* HelloWorld.app */;
			productType = "com.apple.product-type.application";
		};
		70BC52D41A5D2A52006551F8 /* HelloWorldTests */ = {
			isa = PBXNativeTarget;
			buildConfigurationList = 70BC52E21A5D2A52006551F8 /* Build configuration list for PBXNativeTarget "HelloWorldTests" */;
			buildPhases = (
				70BC52D11A5D2A52006551F8 /* Sources */,
				70BC52D21A5D2A52006551F8 /* Frameworks */,
				70BC52D31A5D2A52006551F8 /* Resources */,
			);
			buildRules = (
			);
			dependencies = (
				70BC52D71A5D2A52006551F8 /* PBXTargetDependency */,
			);
			name = HelloWorldTests;
			productName = HelloWorldTests;
			productReference = 70BC52D51A5D2A52006551F8 /* HelloWorldTests.xctest */;
			productType = "com.apple.product-type.bundle.unit-test";
		};
/* End PBXNativeTarget section */

/* Begin PBXProject section */
		70BC52B81A5D2A52006551F8 /* Project object */ = {
			isa = PBXProject;
			attributes = {
				LastUpgradeCheck = 0610;
				ORGANIZATIONNAME = "Yusuke Kawanabe";
				TargetAttributes = {
					70BC52BF1A5D2A52006551F8 = {
						CreatedOnToolsVersion = 6.1.1;
					};
					70BC52D41A5D2A52006551F8 = {
						CreatedOnToolsVersion = 6.1.1;
						TestTargetID = 70BC52BF1A5D2A52006551F8;
					};
				};
			};
			buildConfigurationList = 70BC52BB1A5D2A52006551F8 /* Build configuration list for PBXProject "HelloWorld" */;
			compatibilityVersion = "Xcode 3.2";
			developmentRegion = English;
			hasScannedForEncodings = 0;
			knownRegions = (
				en,
				Base,
			);
			mainGroup = 70BC52B71A5D2A52006551F8;
			productRefGroup = 70BC52C11A5D2A52006551F8 /* Products */;
			projectDirPath = "";
			projectRoot = "";
			targets = (
				70BC52BF1A5D2A52006551F8 /* HelloWorld */,
				70BC52D41A5D2A52006551F8 /* HelloWorldTests */,
			);
		};
/* End PBXProject section */

/* Begin PBXResourcesBuildPhase section */
		70BC52BE1A5D2A52006551F8 /* Resources */ = {
			isa = PBXResourcesBuildPhase;
			buildActionMask = 2147483647;
			files = (
				70BC52CB1A5D2A52006551F8 /* Main.storyboard in Resources */,
				70BC52D01A5D2A52006551F8 /* LaunchScreen.xib in Resources */,
				70BC52CD1A5D2A52006551F8 /* Images.xcassets in Resources */,
			);
			runOnlyForDeploymentPostprocessing = 0;
		};
		70BC52D31A5D2A52006551F8 /* Resources */ = {
			isa = PBXResourcesBuildPhase;
			buildActionMask = 2147483647;
			files = (
			);
			runOnlyForDeploymentPostprocessing = 0;
		};
/* End PBXResourcesBuildPhase section */

/* Begin PBXSourcesBuildPhase section */
		70BC52BC1A5D2A52006551F8 /* Sources */ = {
			isa = PBXSourcesBuildPhase;
			buildActionMask = 2147483647;
			files = (
				70BC52C81A5D2A52006551F8 /* ViewController.swift in Sources */,
				70BC52C61A5D2A52006551F8 /* AppDelegate.swift in Sources */,
			);
			runOnlyForDeploymentPostprocessing = 0;
		};
		70BC52D11A5D2A52006551F8 /* Sources */ = {
			isa = PBXSourcesBuildPhase;
			buildActionMask = 2147483647;
			files = (
				70BC52DC1A5D2A52006551F8 /* HelloWorldTests.swift in Sources */,
			);
			runOnlyForDeploymentPostprocessing = 0;
		};
/* End PBXSourcesBuildPhase section */

/* Begin PBXTargetDependency section */
		70BC52D71A5D2A52006551F8 /* PBXTargetDependency */ = {
			isa = PBXTargetDependency;
			target = 70BC52BF1A5D2A52006551F8 /* HelloWorld */;
			targetProxy = 70BC52D61A5D2A52006551F8 /* PBXContainerItemProxy */;
		};
/* End PBXTargetDependency section */

/* Begin PBXVariantGroup section */
		70BC52C91A5D2A52006551F8 /* Main.storyboard */ = {
			isa = PBXVariantGroup;
			children = (
				70BC52CA1A5D2A52006551F8 /* Base */,
			);
			name = Main.storyboard;
			sourceTree = "<group>";
		};
		70BC52CE1A5D2A52006551F8 /* LaunchScreen.xib */ = {
			isa = PBXVariantGroup;
			children = (
				70BC52CF1A5D2A52006551F8 /* Base */,
			);
			name = LaunchScreen.xib;
			sourceTree = "<group>";
		};
/* End PBXVariantGroup section */

/* Begin XCBuildConfiguration section */
		70BC52DD1A5D2A52006551F8 /* Debug */ = {
			isa = XCBuildConfiguration;
			buildSettings = {
				ALWAYS_SEARCH_USER_PATHS = NO;
				CLANG_CXX_LANGUAGE_STANDARD = "gnu++0x";
				CLANG_CXX_LIBRARY = "libc++";
				CLANG_ENABLE_MODULES = YES;
				CLANG_ENABLE_OBJC_ARC = YES;
				CLANG_WARN_BOOL_CONVERSION = YES;
				CLANG_WARN_CONSTANT_CONVERSION = YES;
				CLANG_WARN_DIRECT_OBJC_ISA_USAGE = YES_ERROR;
				CLANG_WARN_EMPTY_BODY = YES;
				CLANG_WARN_ENUM_CONVERSION = YES;
				CLANG_WARN_INT_CONVERSION = YES;
				CLANG_WARN_OBJC_ROOT_CLASS = YES_ERROR;
				CLANG_WARN_UNREACHABLE_CODE = YES;
				CLANG_WARN__DUPLICATE_METHOD_MATCH = YES;
				"CODE_SIGN_IDENTITY[sdk=iphoneos*]" = "iPhone Developer";
				COPY_PHASE_STRIP = NO;
				ENABLE_STRICT_OBJC_MSGSEND = YES;
				GCC_C_LANGUAGE_STANDARD = gnu99;
				GCC_DYNAMIC_NO_PIC = NO;
				GCC_OPTIMIZATION_LEVEL = 0;
				GCC_PREPROCESSOR_DEFINITIONS = (
					"DEBUG=1",
					"$(inherited)",
				);
				GCC_SYMBOLS_PRIVATE_EXTERN = NO;
				GCC_WARN_64_TO_32_BIT_CONVERSION = YES;
				GCC_WARN_ABOUT_RETURN_TYPE = YES_ERROR;
				GCC_WARN_UNDECLARED_SELECTOR = YES;
				GCC_WARN_UNINITIALIZED_AUTOS = YES_AGGRESSIVE;
				GCC_WARN_UNUSED_FUNCTION = YES;
				GCC_WARN_UNUSED_VARIABLE = YES;
				IPHONEOS_DEPLOYMENT_TARGET = 8.1;
				MTL_ENABLE_DEBUG_INFO = YES;
				ONLY_ACTIVE_ARCH = YES;
				SDKROOT = iphoneos;
				SWIFT_OPTIMIZATION_LEVEL = "-Onone";
			};
			name = Debug;
		};
		70BC52DE1A5D2A52006551F8 /* Release */ = {
			isa = XCBuildConfiguration;
			buildSettings = {
				ALWAYS_SEARCH_USER_PATHS = NO;
				CLANG_CXX_LANGUAGE_STANDARD = "gnu++0x";
				CLANG_CXX_LIBRARY = "libc++";
				CLANG_ENABLE_MODULES = YES;
				CLANG_ENABLE_OBJC_ARC = YES;
				CLANG_WARN_BOOL_CONVERSION = YES;
				CLANG_WARN_CONSTANT_CONVERSION = YES;
				CLANG_WARN_DIRECT_OBJC_ISA_USAGE = YES_ERROR;
				CLANG_WARN_EMPTY_BODY = YES;
				CLANG_WARN_ENUM_CONVERSION = YES;
				CLANG_WARN_INT_CONVERSION = YES;
				CLANG_WARN_OBJC_ROOT_CLASS = YES_ERROR;
				CLANG_WARN_UNREACHABLE_CODE = YES;
				CLANG_WARN__DUPLICATE_METHOD_MATCH = YES;
				"CODE_SIGN_IDENTITY[sdk=iphoneos*]" = "iPhone Developer";
				COPY_PHASE_STRIP = YES;
				ENABLE_NS_ASSERTIONS = NO;
				ENABLE_STRICT_OBJC_MSGSEND = YES;
				GCC_C_LANGUAGE_STANDARD = gnu99;
				GCC_WARN_64_TO_32_BIT_CONVERSION = YES;
				GCC_WARN_ABOUT_RETURN_TYPE = YES_ERROR;
				GCC_WARN_UNDECLARED_SELECTOR = YES;
				GCC_WARN_UNINITIALIZED_AUTOS = YES_AGGRESSIVE;
				GCC_WARN_UNUSED_FUNCTION = YES;
				GCC_WARN_UNUSED_VARIABLE = YES;
				IPHONEOS_DEPLOYMENT_TARGET = 8.1;
				MTL_ENABLE_DEBUG_INFO = NO;
				SDKROOT = iphoneos;
				VALIDATE_PRODUCT = YES;
			};
			name = Release;
		};
		70BC52E01A5D2A52006551F8 /* Debug */ = {
			isa = XCBuildConfiguration;
			buildSettings = {
				ASSETCATALOG_COMPILER_APPICON_NAME = AppIcon;
				INFOPLIST_FILE = HelloWorld/Info.plist;
				LD_RUNPATH_SEARCH_PATHS = "$(inherited) @executable_path/Frameworks";
				PRODUCT_NAME = "$(TARGET_NAME)";
			};
			name = Debug;
		};
		70BC52E11A5D2A52006551F8 /* Release */ = {
			isa = XCBuildConfiguration;
			buildSettings = {
				ASSETCATALOG_COMPILER_APPICON_NAME = AppIcon;
				INFOPLIST_FILE = HelloWorld/Info.plist;
				LD_RUNPATH_SEARCH_PATHS = "$(inherited) @executable_path/Frameworks";
				PRODUCT_NAME = "$(TARGET_NAME)";
			};
			name = Release;
		};
		70BC52E31A5D2A52006551F8 /* Debug */ = {
			isa = XCBuildConfiguration;
			buildSettings = {
				BUNDLE_LOADER = "$(TEST_HOST)";
				FRAMEWORK_SEARCH_PATHS = (
					"$(SDKROOT)/Developer/Library/Frameworks",
					"$(inherited)",
				);
				GCC_PREPROCESSOR_DEFINITIONS = (
					"DEBUG=1",
					"$(inherited)",
				);
				INFOPLIST_FILE = HelloWorldTests/Info.plist;
				LD_RUNPATH_SEARCH_PATHS = "$(inherited) @executable_path/Frameworks @loader_path/Frameworks";
				PRODUCT_NAME = "$(TARGET_NAME)";
				TEST_HOST = "$(BUILT_PRODUCTS_DIR)/HelloWorld.app/HelloWorld";
			};
			name = Debug;
		};
		70BC52E41A5D2A52006551F8 /* Release */ = {
			isa = XCBuildConfiguration;
			buildSettings = {
				BUNDLE_LOADER = "$(TEST_HOST)";
				FRAMEWORK_SEARCH_PATHS = (
					"$(SDKROOT)/Developer/Library/Frameworks",
					"$(inherited)",
				);
				INFOPLIST_FILE = HelloWorldTests/Info.plist;
				LD_RUNPATH_SEARCH_PATHS = "$(inherited) @executable_path/Frameworks @loader_path/Frameworks";
				PRODUCT_NAME = "$(TARGET_NAME)";
				TEST_HOST = "$(BUILT_PRODUCTS_DIR)/HelloWorld.app/HelloWorld";
			};
			name = Release;
		};
/* End XCBuildConfiguration section */

/* Begin XCConfigurationList section */
		70BC52BB1A5D2A52006551F8 /* Build configuration list for PBXProject "HelloWorld" */ = {
			isa = XCConfigurationList;
			buildConfigurations = (
				70BC52DD1A5D2A52006551F8 /* Debug */,
				70BC52DE1A5D2A52006551F8 /* Release */,
			);
			defaultConfigurationIsVisible = 0;
			defaultConfigurationName = Release;
		};
		70BC52DF1A5D2A52006551F8 /* Build configuration list for PBXNativeTarget "HelloWorld" */ = {
			isa = XCConfigurationList;
			buildConfigurations = (
				70BC52E01A5D2A52006551F8 /* Debug */,
				70BC52E11A5D2A52006551F8 /* Release */,
			);
			defaultConfigurationIsVisible = 0;
		};
		70BC52E21A5D2A52006551F8 /* Build configuration list for PBXNativeTarget "HelloWorldTests" */ = {
			isa = XCConfigurationList;
			buildConfigurations = (
				70BC52E31A5D2A52006551F8 /* Debug */,
				70BC52E41A5D2A52006551F8 /* Release */,
			);
			defaultConfigurationIsVisible = 0;
		};
/* End XCConfigurationList section */
	};
	rootObject = 70BC52B81A5D2A52006551F8 /* Project object */;
}
